{
  "nodes": {
    "fl-config": {
      "locked": {
        "lastModified": 1653159448,
        "narHash": "sha256-PvB9ha0r4w6p412MBPP71kS/ZTBnOjxL0brlmyucPBA=",
        "owner": "flakelib",
        "repo": "fl",
        "rev": "fcefb9738d5995308a24cda018a083ccb6b0f460",
        "type": "github"
      },
      "original": {
        "owner": "flakelib",
        "ref": "config",
        "repo": "fl",
        "type": "github"
      }
    },
    "flakelib": {
      "inputs": {
        "fl-config": "fl-config",
        "std": "std"
      },
      "locked": {
        "lastModified": 1683326042,
        "narHash": "sha256-PRjFKmEzzoE0BeDM8zRdwMcUkMq4Ue340O4jv71PzBw=",
        "owner": "flakelib",
        "repo": "fl",
        "rev": "d4be0a0007aeae09b8faced2e297b1062dc05b1e",
        "type": "github"
      },
      "original": {
        "owner": "flakelib",
        "repo": "fl",
        "type": "github"
      }
    },
    "gir-files": {
      "flake": false,
      "locked": {
        "lastModified": 1695457989,
        "narHash": "sha256-DIu0aQOmb75bC09opqnwTf26mApIQ3mP1xDFXWIvNZ0=",
        "owner": "gtk-rs",
        "repo": "gir-files",
        "rev": "6415239ef4354633334410cfae108e64ae7ff708",
        "type": "github"
      },
      "original": {
        "owner": "gtk-rs",
        "ref": "0.18",
        "repo": "gir-files",
        "type": "github"
      }
    },
    "gir-src": {
      "flake": false,
      "locked": {
        "lastModified": 1695457687,
        "narHash": "sha256-TTZ1M4VzL/0apAXAJKsjVKPe22AhLV7C3D5/omzza98=",
        "owner": "gtk-rs",
        "repo": "gir",
        "rev": "c7aa72a3e9f6f27d56a3e3ea9f836f2a4a90b5e2",
        "type": "github"
      },
      "original": {
        "owner": "gtk-rs",
        "ref": "0.18",
        "repo": "gir",
        "type": "github"
      }
    },
    "nix-std": {
      "locked": {
        "lastModified": 1671170529,
        "narHash": "sha256-015C6x3tZMEd83Vd2rpfLC86PSRJrbUca1U3Rysranw=",
        "owner": "chessai",
        "repo": "nix-std",
        "rev": "3b307d64ef7d7e8769d36b8c8bf33983efd1415a",
        "type": "github"
      },
      "original": {
        "owner": "chessai",
        "repo": "nix-std",
        "type": "github"
      }
    },
    "nixpkgs": {
      "locked": {
        "lastModified": 1698610559,
        "narHash": "sha256-i8vFNXJz9VcH05oNe/3Jm5f+CtE3g5uOUvF/dobTMUQ=",
        "owner": "NixOS",
        "repo": "nixpkgs",
        "rev": "4e43dd49630303b00120c11d00d4fb01bb40188d",
        "type": "github"
      },
      "original": {
        "id": "nixpkgs",
        "type": "indirect"
      }
    },
    "root": {
      "inputs": {
        "flakelib": "flakelib",
        "gir-files": "gir-files",
        "gir-src": "gir-src",
        "nixpkgs": "nixpkgs",
        "rust": "rust"
      }
    },
    "rust": {
      "inputs": {
        "nixpkgs": [
          "nixpkgs"
        ]
      },
      "locked": {
        "lastModified": 1696701304,
        "narHash": "sha256-RAS+QPumpiSMwNHmEg+rJBImSh8JHdGu3iyfwZUDRE8=",
        "owner": "arcnmx",
        "repo": "nixexprs-rust",
        "rev": "e45a3dc4f4cbd70071860f0170d88c7aa499bb55",
        "type": "github"
      },
      "original": {
        "owner": "arcnmx",
        "repo": "nixexprs-rust",
        "type": "github"
      }
    },
    "std": {
      "inputs": {
        "nix-std": "nix-std"
      },
      "locked": {
        "lastModified": 1671225084,
        "narHash": "sha256-EzqxFHRifPyjUXQY4B8GJH75fTmWqFnQdj10Q984bR8=",
        "owner": "flakelib",
        "repo": "std",
        "rev": "8546115941a5498ddb03a239aacdba151d433f09",
        "type": "github"
      },
      "original": {
        "owner": "flakelib",
        "repo": "std",
        "type": "github"
      }
    }
  },
  "root": "root",
  "version": 7
}
