{
  "nodes": {
    "fl-config": {
      "locked": {
        "lastModified": 1653159448,
        "narHash": "sha256-PvB9ha0r4w6p412MBPP71kS/ZTBnOjxL0brlmyucPBA=",
        "owner": "flakelib",
        "repo": "fl",
        "rev": "fcefb9738d5995308a24cda018a083ccb6b0f460",
        "type": "github"
      },
      "original": {
        "owner": "flakelib",
        "ref": "config",
        "repo": "fl",
        "type": "github"
      }
    },
    "flakelib": {
      "inputs": {
        "fl-config": "fl-config",
        "std": "std"
      },
      "locked": {
        "lastModified": 1701802971,
        "narHash": "sha256-Zo5fJpXbe+xXOTiDT4JG2rExobMJTmFZ72+3XTMMHrQ=",
        "owner": "flakelib",
        "repo": "fl",
        "rev": "b71a91517f6b16aa5faefe8ec491d9f3062d7a20",
        "type": "github"
      },
      "original": {
        "owner": "flakelib",
        "repo": "fl",
        "type": "github"
      }
    },
    "gir-files": {
      "flake": false,
      "locked": {
        "lastModified": 1695457989,
        "narHash": "sha256-DIu0aQOmb75bC09opqnwTf26mApIQ3mP1xDFXWIvNZ0=",
        "owner": "gtk-rs",
        "repo": "gir-files",
        "rev": "6415239ef4354633334410cfae108e64ae7ff708",
        "type": "github"
      },
      "original": {
        "owner": "gtk-rs",
        "ref": "0.18",
        "repo": "gir-files",
        "type": "github"
      }
    },
    "gir-src": {
      "flake": false,
      "locked": {
        "lastModified": 1698930209,
        "narHash": "sha256-E64htp+TlDiLGlF/WbEJsBRexZ1KSfnXK9jkzIQxieY=",
        "owner": "gtk-rs",
        "repo": "gir",
        "rev": "23d7c100187cb4767ef77e0e4b3a511cbfadf035",
        "type": "github"
      },
      "original": {
        "owner": "gtk-rs",
        "ref": "0.18",
        "repo": "gir",
        "type": "github"
      }
    },
    "nix-std": {
      "locked": {
        "lastModified": 1701658249,
        "narHash": "sha256-KIt1TUuBvldhaVRta010MI5FeQlB8WadjqljybjesN0=",
        "owner": "chessai",
        "repo": "nix-std",
        "rev": "715db541ffff4194620e48d210b76f73a74b5b5d",
        "type": "github"
      },
      "original": {
        "owner": "chessai",
        "repo": "nix-std",
        "type": "github"
      }
    },
    "nixpkgs": {
      "locked": {
        "lastModified": 1710758692,
        "narHash": "sha256-DsvgyfV9Yk4Z2zp4hQPNJ19c9pbaynfKw3iTjodw4Q8=",
        "owner": "NixOS",
        "repo": "nixpkgs",
        "rev": "fccb6b42c3cad4e664236de94b0f9a0ea22b1d6e",
        "type": "github"
      },
      "original": {
        "id": "nixpkgs",
        "type": "indirect"
      }
    },
    "root": {
      "inputs": {
        "flakelib": "flakelib",
        "gir-files": "gir-files",
        "gir-src": "gir-src",
        "nixpkgs": "nixpkgs",
        "rust": "rust"
      }
    },
    "rust": {
      "inputs": {
        "nixpkgs": [
          "nixpkgs"
        ]
      },
      "locked": {
        "lastModified": 1708468776,
        "narHash": "sha256-xUTeWjK0QuvqxRBLSjoCDJp+T4B2ouPy2z12KxCBwCA=",
        "owner": "arcnmx",
        "repo": "nixexprs-rust",
        "rev": "832f3c6b68c66794a733614fc74ad94d6f1c4ae1",
        "type": "github"
      },
      "original": {
        "owner": "arcnmx",
        "repo": "nixexprs-rust",
        "type": "github"
      }
    },
    "std": {
      "inputs": {
        "nix-std": "nix-std"
      },
      "locked": {
        "lastModified": 1701802337,
        "narHash": "sha256-JCVCyjDZ6LA0xyVoDZzRXjy0OgWOZo3OpeZEVm/U97w=",
        "owner": "flakelib",
        "repo": "std",
        "rev": "443d1c8246b3d96a4822b02af907ca0d833e8b63",
        "type": "github"
      },
      "original": {
        "owner": "flakelib",
        "repo": "std",
        "type": "github"
      }
    }
  },
  "root": "root",
  "version": 7
}
